Microsoft Visual Studio Solution File, Format Version 12.00
# Visual Studio Version 17
VisualStudioVersion = 17.0.31919.166
MinimumVisualStudioVersion = 10.0.40219.1
Project("{2150E333-8FDC-42A3-9474-1A3956D46DE8}") = "src", "src", "{F1E9A1B0-0000-0000-0000-000000000001}"
EndProject
Project("{2150E333-8FDC-42A3-9474-1A3956D46DE8}") = "tests", "tests", "{F1E9A1B0-0000-0000-0000-000000000002}"
EndProject
Project("{FAE04EC0-301F-11D3-BF4B-00C04F79EFBC}") = "BalotoAI.Domain", "src\BalotoAI.Domain\BalotoAI.Domain.csproj", "{F1E9A1B0-0001-0000-0000-000000000001}"
EndProject
Project("{FAE04EC0-301F-11D3-BF4B-00C04F79EFBC}") = "BalotoAI.Application", "src\BalotoAI.Application\BalotoAI.Application.csproj", "{F1E9A1B0-0002-0000-0000-000000000001}"
EndProject
Project("{FAE04EC0-301F-11D3-BF4B-00C04F79EFBC}") = "BalotoAI.Infrastructure", "src\BalotoAI.Infrastructure\BalotoAI.Infrastructure.csproj", "{F1E9A1B0-0003-0000-0000-000000000001}"
EndProject
Project("{FAE04EC0-301F-11D3-BF4B-00C04F79EFBC}") = "BalotoAI.Web", "src\BalotoAI.Web\BalotoAI.Web.csproj", "{F1E9A1B0-0004-0000-0000-000000000001}"
EndProject
Project("{FAE04EC0-301F-11D3-BF4B-00C04F79EFBC}") = "BalotoAI.Tests", "tests\BalotoAI.Tests\BalotoAI.Tests.csproj", "{F1E9A1B0-0005-0000-0000-000000000001}"
EndProject
Global
	GlobalSection(SolutionConfigurationPlatforms) = preSolution
		Debug|Any CPU = Debug|Any CPU
		Release|Any CPU = Release|Any CPU
	EndGlobalSection
	GlobalSection(ProjectConfigurationPlatforms) = postSolution
		{F1E9A1B0-0001-0000-0000-000000000001}.Debug|Any CPU.ActiveCfg = Debug|Any CPU
		{F1E9A1B0-0001-0000-0000-000000000001}.Debug|Any CPU.Build.0 = Debug|Any CPU
		{F1E9A1B0-0001-0000-0000-000000000001}.Release|Any CPU.ActiveCfg = Release|Any CPU
		{F1E9A1B0-0001-0000-0000-000000000001}.Release|Any CPU.Build.0 = Release|Any CPU
		{F1E9A1B0-0002-0000-0000-000000000001}.Debug|Any CPU.ActiveCfg = Debug|Any CPU
		{F1E9A1B0-0002-0000-0000-000000000001}.Debug|Any CPU.Build.0 = Debug|Any CPU
		{F1E9A1B0-0002-0000-0000-000000000001}.Release|Any CPU.ActiveCfg = Release|Any CPU
		{F1E9A1B0-0002-0000-0000-000000000001}.Release|Any CPU.Build.0 = Release|Any CPU
		{F1E9A1B0-0003-0000-0000-000000000001}.Debug|Any CPU.ActiveCfg = Debug|Any CPU
		{F1E9A1B0-0003-0000-0000-000000000001}.Debug|Any CPU.Build.0 = Debug|Any CPU
		{F1E9A1B0-0003-0000-0000-000000000001}.Release|Any CPU.ActiveCfg = Release|Any CPU
		{F1E9A1B0-0003-0000-0000-000000000001}.Release|Any CPU.Build.0 = Release|Any CPU
		{F1E9A1B0-0004-0000-0000-000000000001}.Debug|Any CPU.ActiveCfg = Debug|Any CPU
		{F1E9A1B0-0004-0000-0000-000000000001}.Debug|Any CPU.Build.0 = Debug|Any CPU
		{F1E9A1B0-0004-0000-0000-000000000001}.Release|Any CPU.ActiveCfg = Release|Any CPU
		{F1E9A1B0-0004-0000-0000-000000000001}.Release|Any CPU.Build.0 = Release|Any CPU
		{F1E9A1B0-0005-0000-0000-000000000001}.Debug|Any CPU.ActiveCfg = Debug|Any CPU
		{F1E9A1B0-0005-0000-0000-000000000001}.Debug|Any CPU.Build.0 = Debug|Any CPU
		{F1E9A1B0-0005-0000-0000-000000000001}.Release|Any CPU.ActiveCfg = Release|Any CPU
		{F1E9A1B0-0005-0000-0000-000000000001}.Release|Any CPU.Build.0 = Release|Any CPU
	EndGlobalSection
EndGlobal
